{
  "originHash" : "b9499e77670a70f04b82ceb13d3d365494e21693fae00faf7c073cac65e5e36c",
  "pins" : [
    {
      "identity" : "aws-sdk-ios-spm",
      "kind" : "remoteSourceControl",
      "location" : "https://github.com/aws-amplify/aws-sdk-ios-spm",
      "state" : {
        "revision" : "ca31418963a90bac80538e13f6b7af87ea14d279",
        "version" : "2.33.4"
      }
    },
    {
      "identity" : "truvideo-sdk-ios-camera",
      "kind" : "remoteSourceControl",
      "location" : "https://github.com/Truvideo/truvideo-sdk-ios-camera.git",
      "state" : {
        "revision" : "92c031f1e8b620a6e604b3bce8df5073b10cc175",
        "version" : "75.1.2-RC.55"
      }
    },
    {
      "identity" : "truvideo-sdk-ios-core",
      "kind" : "remoteSourceControl",
      "location" : "https://github.com/Truvideo/truvideo-sdk-ios-core.git",
      "state" : {
        "revision" : "3bb677d831331ff3a8bfb358ef7cbc54180f3e06",
        "version" : "75.1.1-RC.135"
      }
    }
  ],
  "version" : 3
}
