{
  "originHash" : "fb410e3ec0f11859622d26881bdb2ea333b8ba69d4d6058c9c3a124d2ab8a49c",
  "pins" : [
    {
      "identity" : "truvideo-sdk-ios-video",
      "kind" : "remoteSourceControl",
      "location" : "https://github.com/Truvideo/truvideo-sdk-ios-video",
      "state" : {
        "revision" : "aadeb79c42e6d7041fef4f09d9fd8e4a88ae41f9",
        "version" : "78.1.2"
      }
    }
  ],
  "version" : 3
}
